<?xml version="1.0" encoding="UTF-8" standalone="yes" ?>
<CodeBlocks_project_file>
	<FileVersion major="1" minor="6" />
	<Project>
		<Option title="Mir" />
		<Option pch_mode="2" />
		<Option compiler="gcc" />
		<Build>
			<Target title="Debug">
				<Option output="bin/Debug/Mir" prefix_auto="1" extension_auto="1" />
				<Option object_output="obj/Debug/" />
				<Option type="1" />
				<Option compiler="gcc" />
				<Compiler>
					<Add option="-g" />
				</Compiler>
				<Linker>
					<Add option="-lmingw32 -lSDL2main -lSDL2" />
				</Linker>
			</Target>
			<Target title="Release">
				<Option output="bin/Release/Mir" prefix_auto="1" extension_auto="1" />
				<Option object_output="obj/Release/" />
				<Option type="1" />
				<Option compiler="gcc" />
				<Compiler>
					<Add option="-O2" />
				</Compiler>
				<Linker>
					<Add option="-s" />
				</Linker>
			</Target>
		</Build>
		<Compiler>
			<Add option="-Wall" />
		</Compiler>
		<Unit filename="freetype/builds/amiga/include/config/ftconfig.h" />
		<Unit filename="freetype/builds/amiga/include/config/ftmodule.h" />
		<Unit filename="freetype/builds/amiga/src/base/ftdebug.c">
			<Option compilerVar="CC" />
		</Unit>
		<Unit filename="freetype/builds/amiga/src/base/ftsystem.c">
			<Option compilerVar="CC" />
		</Unit>
		<Unit filename="freetype/builds/atari/ATARI.H" />
		<Unit filename="freetype/builds/mac/ftmac.c">
			<Option compilerVar="CC" />
		</Unit>
		<Unit filename="freetype/builds/unix/ftsystem.c">
			<Option compilerVar="CC" />
		</Unit>
		<Unit filename="freetype/builds/vms/ftconfig.h" />
		<Unit filename="freetype/builds/vms/ftsystem.c">
			<Option compilerVar="CC" />
		</Unit>
		<Unit filename="freetype/builds/wince/ftdebug.c">
			<Option compilerVar="CC" />
		</Unit>
		<Unit filename="freetype/builds/windows/ftdebug.c">
			<Option compilerVar="CC" />
		</Unit>
		<Unit filename="freetype/builds/windows/ftsystem.c">
			<Option compilerVar="CC" />
		</Unit>
		<Unit filename="freetype/devel/ft2build.h" />
		<Unit filename="freetype/devel/ftoption.h" />
		<Unit filename="freetype/include/dlg/dlg.h" />
		<Unit filename="freetype/include/dlg/output.h" />
		<Unit filename="freetype/include/freetype/config/ftconfig.h" />
		<Unit filename="freetype/include/freetype/config/ftheader.h" />
		<Unit filename="freetype/include/freetype/config/ftmodule.h" />
		<Unit filename="freetype/include/freetype/config/ftoption.h" />
		<Unit filename="freetype/include/freetype/config/ftstdlib.h" />
		<Unit filename="freetype/include/freetype/config/integer-types.h" />
		<Unit filename="freetype/include/freetype/config/mac-support.h" />
		<Unit filename="freetype/include/freetype/config/public-macros.h" />
		<Unit filename="freetype/include/freetype/freetype.h" />
		<Unit filename="freetype/include/freetype/ftadvanc.h" />
		<Unit filename="freetype/include/freetype/ftbbox.h" />
		<Unit filename="freetype/include/freetype/ftbdf.h" />
		<Unit filename="freetype/include/freetype/ftbitmap.h" />
		<Unit filename="freetype/include/freetype/ftbzip2.h" />
		<Unit filename="freetype/include/freetype/ftcache.h" />
		<Unit filename="freetype/include/freetype/ftchapters.h" />
		<Unit filename="freetype/include/freetype/ftcid.h" />
		<Unit filename="freetype/include/freetype/ftcolor.h" />
		<Unit filename="freetype/include/freetype/ftdriver.h" />
		<Unit filename="freetype/include/freetype/fterrdef.h" />
		<Unit filename="freetype/include/freetype/fterrors.h" />
		<Unit filename="freetype/include/freetype/ftfntfmt.h" />
		<Unit filename="freetype/include/freetype/ftgasp.h" />
		<Unit filename="freetype/include/freetype/ftglyph.h" />
		<Unit filename="freetype/include/freetype/ftgxval.h" />
		<Unit filename="freetype/include/freetype/ftgzip.h" />
		<Unit filename="freetype/include/freetype/ftimage.h" />
		<Unit filename="freetype/include/freetype/ftincrem.h" />
		<Unit filename="freetype/include/freetype/ftlcdfil.h" />
		<Unit filename="freetype/include/freetype/ftlist.h" />
		<Unit filename="freetype/include/freetype/ftlogging.h" />
		<Unit filename="freetype/include/freetype/ftlzw.h" />
		<Unit filename="freetype/include/freetype/ftmac.h" />
		<Unit filename="freetype/include/freetype/ftmm.h" />
		<Unit filename="freetype/include/freetype/ftmodapi.h" />
		<Unit filename="freetype/include/freetype/ftmoderr.h" />
		<Unit filename="freetype/include/freetype/ftotval.h" />
		<Unit filename="freetype/include/freetype/ftoutln.h" />
		<Unit filename="freetype/include/freetype/ftparams.h" />
		<Unit filename="freetype/include/freetype/ftpfr.h" />
		<Unit filename="freetype/include/freetype/ftrender.h" />
		<Unit filename="freetype/include/freetype/ftsizes.h" />
		<Unit filename="freetype/include/freetype/ftsnames.h" />
		<Unit filename="freetype/include/freetype/ftstroke.h" />
		<Unit filename="freetype/include/freetype/ftsynth.h" />
		<Unit filename="freetype/include/freetype/ftsystem.h" />
		<Unit filename="freetype/include/freetype/fttrigon.h" />
		<Unit filename="freetype/include/freetype/fttypes.h" />
		<Unit filename="freetype/include/freetype/ftwinfnt.h" />
		<Unit filename="freetype/include/freetype/internal/autohint.h" />
		<Unit filename="freetype/include/freetype/internal/cffotypes.h" />
		<Unit filename="freetype/include/freetype/internal/cfftypes.h" />
		<Unit filename="freetype/include/freetype/internal/compiler-macros.h" />
		<Unit filename="freetype/include/freetype/internal/ftcalc.h" />
		<Unit filename="freetype/include/freetype/internal/ftdebug.h" />
		<Unit filename="freetype/include/freetype/internal/ftdrv.h" />
		<Unit filename="freetype/include/freetype/internal/ftgloadr.h" />
		<Unit filename="freetype/include/freetype/internal/fthash.h" />
		<Unit filename="freetype/include/freetype/internal/ftmemory.h" />
		<Unit filename="freetype/include/freetype/internal/ftobjs.h" />
		<Unit filename="freetype/include/freetype/internal/ftpsprop.h" />
		<Unit filename="freetype/include/freetype/internal/ftrfork.h" />
		<Unit filename="freetype/include/freetype/internal/ftserv.h" />
		<Unit filename="freetype/include/freetype/internal/ftstream.h" />
		<Unit filename="freetype/include/freetype/internal/fttrace.h" />
		<Unit filename="freetype/include/freetype/internal/ftvalid.h" />
		<Unit filename="freetype/include/freetype/internal/psaux.h" />
		<Unit filename="freetype/include/freetype/internal/pshints.h" />
		<Unit filename="freetype/include/freetype/internal/services/svbdf.h" />
		<Unit filename="freetype/include/freetype/internal/services/svcfftl.h" />
		<Unit filename="freetype/include/freetype/internal/services/svcid.h" />
		<Unit filename="freetype/include/freetype/internal/services/svfntfmt.h" />
		<Unit filename="freetype/include/freetype/internal/services/svgldict.h" />
		<Unit filename="freetype/include/freetype/internal/services/svgxval.h" />
		<Unit filename="freetype/include/freetype/internal/services/svkern.h" />
		<Unit filename="freetype/include/freetype/internal/services/svmetric.h" />
		<Unit filename="freetype/include/freetype/internal/services/svmm.h" />
		<Unit filename="freetype/include/freetype/internal/services/svotval.h" />
		<Unit filename="freetype/include/freetype/internal/services/svpfr.h" />
		<Unit filename="freetype/include/freetype/internal/services/svpostnm.h" />
		<Unit filename="freetype/include/freetype/internal/services/svprop.h" />
		<Unit filename="freetype/include/freetype/internal/services/svpscmap.h" />
		<Unit filename="freetype/include/freetype/internal/services/svpsinfo.h" />
		<Unit filename="freetype/include/freetype/internal/services/svsfnt.h" />
		<Unit filename="freetype/include/freetype/internal/services/svttcmap.h" />
		<Unit filename="freetype/include/freetype/internal/services/svtteng.h" />
		<Unit filename="freetype/include/freetype/internal/services/svttglyf.h" />
		<Unit filename="freetype/include/freetype/internal/services/svwinfnt.h" />
		<Unit filename="freetype/include/freetype/internal/sfnt.h" />
		<Unit filename="freetype/include/freetype/internal/t1types.h" />
		<Unit filename="freetype/include/freetype/internal/tttypes.h" />
		<Unit filename="freetype/include/freetype/internal/wofftypes.h" />
		<Unit filename="freetype/include/freetype/t1tables.h" />
		<Unit filename="freetype/include/freetype/ttnameid.h" />
		<Unit filename="freetype/include/freetype/tttables.h" />
		<Unit filename="freetype/include/freetype/tttags.h" />
		<Unit filename="freetype/include/ft2build.h" />
		<Unit filename="freetype/src/autofit/afblue.c">
			<Option compilerVar="CC" />
		</Unit>
		<Unit filename="freetype/src/autofit/afblue.h" />
		<Unit filename="freetype/src/autofit/afcjk.c">
			<Option compilerVar="CC" />
		</Unit>
		<Unit filename="freetype/src/autofit/afcjk.h" />
		<Unit filename="freetype/src/autofit/afcover.h" />
		<Unit filename="freetype/src/autofit/afdummy.c">
			<Option compilerVar="CC" />
		</Unit>
		<Unit filename="freetype/src/autofit/afdummy.h" />
		<Unit filename="freetype/src/autofit/aferrors.h" />
		<Unit filename="freetype/src/autofit/afglobal.c">
			<Option compilerVar="CC" />
		</Unit>
		<Unit filename="freetype/src/autofit/afglobal.h" />
		<Unit filename="freetype/src/autofit/afhints.c">
			<Option compilerVar="CC" />
		</Unit>
		<Unit filename="freetype/src/autofit/afhints.h" />
		<Unit filename="freetype/src/autofit/afindic.c">
			<Option compilerVar="CC" />
		</Unit>
		<Unit filename="freetype/src/autofit/afindic.h" />
		<Unit filename="freetype/src/autofit/aflatin.c">
			<Option compilerVar="CC" />
		</Unit>
		<Unit filename="freetype/src/autofit/aflatin.h" />
		<Unit filename="freetype/src/autofit/afloader.c">
			<Option compilerVar="CC" />
		</Unit>
		<Unit filename="freetype/src/autofit/afloader.h" />
		<Unit filename="freetype/src/autofit/afmodule.c">
			<Option compilerVar="CC" />
		</Unit>
		<Unit filename="freetype/src/autofit/afmodule.h" />
		<Unit filename="freetype/src/autofit/afranges.c">
			<Option compilerVar="CC" />
		</Unit>
		<Unit filename="freetype/src/autofit/afranges.h" />
		<Unit filename="freetype/src/autofit/afscript.h" />
		<Unit filename="freetype/src/autofit/afshaper.c">
			<Option compilerVar="CC" />
		</Unit>
		<Unit filename="freetype/src/autofit/afshaper.h" />
		<Unit filename="freetype/src/autofit/afstyles.h" />
		<Unit filename="freetype/src/autofit/aftypes.h" />
		<Unit filename="freetype/src/autofit/afwrtsys.h" />
		<Unit filename="freetype/src/autofit/autofit.c">
			<Option compilerVar="CC" />
		</Unit>
		<Unit filename="freetype/src/base/ftadvanc.c">
			<Option compilerVar="CC" />
		</Unit>
		<Unit filename="freetype/src/base/ftbase.c">
			<Option compilerVar="CC" />
		</Unit>
		<Unit filename="freetype/src/base/ftbase.h" />
		<Unit filename="freetype/src/base/ftbbox.c">
			<Option compilerVar="CC" />
		</Unit>
		<Unit filename="freetype/src/base/ftbdf.c">
			<Option compilerVar="CC" />
		</Unit>
		<Unit filename="freetype/src/base/ftbitmap.c">
			<Option compilerVar="CC" />
		</Unit>
		<Unit filename="freetype/src/base/ftcalc.c">
			<Option compilerVar="CC" />
		</Unit>
		<Unit filename="freetype/src/base/ftcid.c">
			<Option compilerVar="CC" />
		</Unit>
		<Unit filename="freetype/src/base/ftcolor.c">
			<Option compilerVar="CC" />
		</Unit>
		<Unit filename="freetype/src/base/ftdbgmem.c">
			<Option compilerVar="CC" />
		</Unit>
		<Unit filename="freetype/src/base/ftdebug.c">
			<Option compilerVar="CC" />
		</Unit>
		<Unit filename="freetype/src/base/fterrors.c">
			<Option compilerVar="CC" />
		</Unit>
		<Unit filename="freetype/src/base/ftfntfmt.c">
			<Option compilerVar="CC" />
		</Unit>
		<Unit filename="freetype/src/base/ftfstype.c">
			<Option compilerVar="CC" />
		</Unit>
		<Unit filename="freetype/src/base/ftgasp.c">
			<Option compilerVar="CC" />
		</Unit>
		<Unit filename="freetype/src/base/ftgloadr.c">
			<Option compilerVar="CC" />
		</Unit>
		<Unit filename="freetype/src/base/ftglyph.c">
			<Option compilerVar="CC" />
		</Unit>
		<Unit filename="freetype/src/base/ftgxval.c">
			<Option compilerVar="CC" />
		</Unit>
		<Unit filename="freetype/src/base/fthash.c">
			<Option compilerVar="CC" />
		</Unit>
		<Unit filename="freetype/src/base/ftinit.c">
			<Option compilerVar="CC" />
		</Unit>
		<Unit filename="freetype/src/base/ftlcdfil.c">
			<Option compilerVar="CC" />
		</Unit>
		<Unit filename="freetype/src/base/ftmac.c">
			<Option compilerVar="CC" />
		</Unit>
		<Unit filename="freetype/src/base/ftmm.c">
			<Option compilerVar="CC" />
		</Unit>
		<Unit filename="freetype/src/base/ftobjs.c">
			<Option compilerVar="CC" />
		</Unit>
		<Unit filename="freetype/src/base/ftotval.c">
			<Option compilerVar="CC" />
		</Unit>
		<Unit filename="freetype/src/base/ftoutln.c">
			<Option compilerVar="CC" />
		</Unit>
		<Unit filename="freetype/src/base/ftpatent.c">
			<Option compilerVar="CC" />
		</Unit>
		<Unit filename="freetype/src/base/ftpfr.c">
			<Option compilerVar="CC" />
		</Unit>
		<Unit filename="freetype/src/base/ftpsprop.c">
			<Option compilerVar="CC" />
		</Unit>
		<Unit filename="freetype/src/base/ftrfork.c">
			<Option compilerVar="CC" />
		</Unit>
		<Unit filename="freetype/src/base/ftsnames.c">
			<Option compilerVar="CC" />
		</Unit>
		<Unit filename="freetype/src/base/ftstream.c">
			<Option compilerVar="CC" />
		</Unit>
		<Unit filename="freetype/src/base/ftstroke.c">
			<Option compilerVar="CC" />
		</Unit>
		<Unit filename="freetype/src/base/ftsynth.c">
			<Option compilerVar="CC" />
		</Unit>
		<Unit filename="freetype/src/base/ftsystem.c">
			<Option compilerVar="CC" />
		</Unit>
		<Unit filename="freetype/src/base/fttrigon.c">
			<Option compilerVar="CC" />
		</Unit>
		<Unit filename="freetype/src/base/fttype1.c">
			<Option compilerVar="CC" />
		</Unit>
		<Unit filename="freetype/src/base/ftutil.c">
			<Option compilerVar="CC" />
		</Unit>
		<Unit filename="freetype/src/base/ftver.rc">
			<Option compilerVar="WINDRES" />
		</Unit>
		<Unit filename="freetype/src/base/ftwinfnt.c">
			<Option compilerVar="CC" />
		</Unit>
		<Unit filename="freetype/src/base/md5.c">
			<Option compilerVar="CC" />
		</Unit>
		<Unit filename="freetype/src/base/md5.h" />
		<Unit filename="freetype/src/bdf/bdf.c">
			<Option compilerVar="CC" />
		</Unit>
		<Unit filename="freetype/src/bdf/bdf.h" />
		<Unit filename="freetype/src/bdf/bdfdrivr.c">
			<Option compilerVar="CC" />
		</Unit>
		<Unit filename="freetype/src/bdf/bdfdrivr.h" />
		<Unit filename="freetype/src/bdf/bdferror.h" />
		<Unit filename="freetype/src/bdf/bdflib.c">
			<Option compilerVar="CC" />
		</Unit>
		<Unit filename="freetype/src/bzip2/ftbzip2.c">
			<Option compilerVar="CC" />
		</Unit>
		<Unit filename="freetype/src/cache/ftcache.c">
			<Option compilerVar="CC" />
		</Unit>
		<Unit filename="freetype/src/cache/ftcbasic.c">
			<Option compilerVar="CC" />
		</Unit>
		<Unit filename="freetype/src/cache/ftccache.c">
			<Option compilerVar="CC" />
		</Unit>
		<Unit filename="freetype/src/cache/ftccache.h" />
		<Unit filename="freetype/src/cache/ftccback.h" />
		<Unit filename="freetype/src/cache/ftccmap.c">
			<Option compilerVar="CC" />
		</Unit>
		<Unit filename="freetype/src/cache/ftcerror.h" />
		<Unit filename="freetype/src/cache/ftcglyph.c">
			<Option compilerVar="CC" />
		</Unit>
		<Unit filename="freetype/src/cache/ftcglyph.h" />
		<Unit filename="freetype/src/cache/ftcimage.c">
			<Option compilerVar="CC" />
		</Unit>
		<Unit filename="freetype/src/cache/ftcimage.h" />
		<Unit filename="freetype/src/cache/ftcmanag.c">
			<Option compilerVar="CC" />
		</Unit>
		<Unit filename="freetype/src/cache/ftcmanag.h" />
		<Unit filename="freetype/src/cache/ftcmru.c">
			<Option compilerVar="CC" />
		</Unit>
		<Unit filename="freetype/src/cache/ftcmru.h" />
		<Unit filename="freetype/src/cache/ftcsbits.c">
			<Option compilerVar="CC" />
		</Unit>
		<Unit filename="freetype/src/cache/ftcsbits.h" />
		<Unit filename="freetype/src/cff/cff.c">
			<Option compilerVar="CC" />
		</Unit>
		<Unit filename="freetype/src/cff/cffcmap.c">
			<Option compilerVar="CC" />
		</Unit>
		<Unit filename="freetype/src/cff/cffcmap.h" />
		<Unit filename="freetype/src/cff/cffdrivr.c">
			<Option compilerVar="CC" />
		</Unit>
		<Unit filename="freetype/src/cff/cffdrivr.h" />
		<Unit filename="freetype/src/cff/cfferrs.h" />
		<Unit filename="freetype/src/cff/cffgload.c">
			<Option compilerVar="CC" />
		</Unit>
		<Unit filename="freetype/src/cff/cffgload.h" />
		<Unit filename="freetype/src/cff/cffload.c">
			<Option compilerVar="CC" />
		</Unit>
		<Unit filename="freetype/src/cff/cffload.h" />
		<Unit filename="freetype/src/cff/cffobjs.c">
			<Option compilerVar="CC" />
		</Unit>
		<Unit filename="freetype/src/cff/cffobjs.h" />
		<Unit filename="freetype/src/cff/cffparse.c">
			<Option compilerVar="CC" />
		</Unit>
		<Unit filename="freetype/src/cff/cffparse.h" />
		<Unit filename="freetype/src/cff/cfftoken.h" />
		<Unit filename="freetype/src/cid/ciderrs.h" />
		<Unit filename="freetype/src/cid/cidgload.c">
			<Option compilerVar="CC" />
		</Unit>
		<Unit filename="freetype/src/cid/cidgload.h" />
		<Unit filename="freetype/src/cid/cidload.c">
			<Option compilerVar="CC" />
		</Unit>
		<Unit filename="freetype/src/cid/cidload.h" />
		<Unit filename="freetype/src/cid/cidobjs.c">
			<Option compilerVar="CC" />
		</Unit>
		<Unit filename="freetype/src/cid/cidobjs.h" />
		<Unit filename="freetype/src/cid/cidparse.c">
			<Option compilerVar="CC" />
		</Unit>
		<Unit filename="freetype/src/cid/cidparse.h" />
		<Unit filename="freetype/src/cid/cidriver.c">
			<Option compilerVar="CC" />
		</Unit>
		<Unit filename="freetype/src/cid/cidriver.h" />
		<Unit filename="freetype/src/cid/cidtoken.h" />
		<Unit filename="freetype/src/cid/type1cid.c">
			<Option compilerVar="CC" />
		</Unit>
		<Unit filename="freetype/src/dlg/dlg.c">
			<Option compilerVar="CC" />
		</Unit>
		<Unit filename="freetype/src/dlg/dlgwrap.c">
			<Option compilerVar="CC" />
		</Unit>
		<Unit filename="freetype/src/gxvalid/gxvalid.c">
			<Option compilerVar="CC" />
		</Unit>
		<Unit filename="freetype/src/gxvalid/gxvalid.h" />
		<Unit filename="freetype/src/gxvalid/gxvbsln.c">
			<Option compilerVar="CC" />
		</Unit>
		<Unit filename="freetype/src/gxvalid/gxvcommn.c">
			<Option compilerVar="CC" />
		</Unit>
		<Unit filename="freetype/src/gxvalid/gxvcommn.h" />
		<Unit filename="freetype/src/gxvalid/gxverror.h" />
		<Unit filename="freetype/src/gxvalid/gxvfeat.c">
			<Option compilerVar="CC" />
		</Unit>
		<Unit filename="freetype/src/gxvalid/gxvfeat.h" />
		<Unit filename="freetype/src/gxvalid/gxvfgen.c">
			<Option compilerVar="CC" />
		</Unit>
		<Unit filename="freetype/src/gxvalid/gxvjust.c">
			<Option compilerVar="CC" />
		</Unit>
		<Unit filename="freetype/src/gxvalid/gxvkern.c">
			<Option compilerVar="CC" />
		</Unit>
		<Unit filename="freetype/src/gxvalid/gxvlcar.c">
			<Option compilerVar="CC" />
		</Unit>
		<Unit filename="freetype/src/gxvalid/gxvmod.c">
			<Option compilerVar="CC" />
		</Unit>
		<Unit filename="freetype/src/gxvalid/gxvmod.h" />
		<Unit filename="freetype/src/gxvalid/gxvmort.c">
			<Option compilerVar="CC" />
		</Unit>
		<Unit filename="freetype/src/gxvalid/gxvmort.h" />
		<Unit filename="freetype/src/gxvalid/gxvmort0.c">
			<Option compilerVar="CC" />
		</Unit>
		<Unit filename="freetype/src/gxvalid/gxvmort1.c">
			<Option compilerVar="CC" />
		</Unit>
		<Unit filename="freetype/src/gxvalid/gxvmort2.c">
			<Option compilerVar="CC" />
		</Unit>
		<Unit filename="freetype/src/gxvalid/gxvmort4.c">
			<Option compilerVar="CC" />
		</Unit>
		<Unit filename="freetype/src/gxvalid/gxvmort5.c">
			<Option compilerVar="CC" />
		</Unit>
		<Unit filename="freetype/src/gxvalid/gxvmorx.c">
			<Option compilerVar="CC" />
		</Unit>
		<Unit filename="freetype/src/gxvalid/gxvmorx.h" />
		<Unit filename="freetype/src/gxvalid/gxvmorx0.c">
			<Option compilerVar="CC" />
		</Unit>
		<Unit filename="freetype/src/gxvalid/gxvmorx1.c">
			<Option compilerVar="CC" />
		</Unit>
		<Unit filename="freetype/src/gxvalid/gxvmorx2.c">
			<Option compilerVar="CC" />
		</Unit>
		<Unit filename="freetype/src/gxvalid/gxvmorx4.c">
			<Option compilerVar="CC" />
		</Unit>
		<Unit filename="freetype/src/gxvalid/gxvmorx5.c">
			<Option compilerVar="CC" />
		</Unit>
		<Unit filename="freetype/src/gxvalid/gxvopbd.c">
			<Option compilerVar="CC" />
		</Unit>
		<Unit filename="freetype/src/gxvalid/gxvprop.c">
			<Option compilerVar="CC" />
		</Unit>
		<Unit filename="freetype/src/gxvalid/gxvtrak.c">
			<Option compilerVar="CC" />
		</Unit>
		<Unit filename="freetype/src/gzip/adler32.c">
			<Option compilerVar="CC" />
		</Unit>
		<Unit filename="freetype/src/gzip/ftgzip.c">
			<Option compilerVar="CC" />
		</Unit>
		<Unit filename="freetype/src/gzip/ftzconf.h" />
		<Unit filename="freetype/src/gzip/infblock.c">
			<Option compilerVar="CC" />
		</Unit>
		<Unit filename="freetype/src/gzip/infblock.h" />
		<Unit filename="freetype/src/gzip/infcodes.c">
			<Option compilerVar="CC" />
		</Unit>
		<Unit filename="freetype/src/gzip/infcodes.h" />
		<Unit filename="freetype/src/gzip/inffixed.h" />
		<Unit filename="freetype/src/gzip/inflate.c">
			<Option compilerVar="CC" />
		</Unit>
		<Unit filename="freetype/src/gzip/inftrees.c">
			<Option compilerVar="CC" />
		</Unit>
		<Unit filename="freetype/src/gzip/inftrees.h" />
		<Unit filename="freetype/src/gzip/infutil.c">
			<Option compilerVar="CC" />
		</Unit>
		<Unit filename="freetype/src/gzip/infutil.h" />
		<Unit filename="freetype/src/gzip/zlib.h" />
		<Unit filename="freetype/src/gzip/zutil.c">
			<Option compilerVar="CC" />
		</Unit>
		<Unit filename="freetype/src/gzip/zutil.h" />
		<Unit filename="freetype/src/lzw/ftlzw.c">
			<Option compilerVar="CC" />
		</Unit>
		<Unit filename="freetype/src/lzw/ftzopen.c">
			<Option compilerVar="CC" />
		</Unit>
		<Unit filename="freetype/src/lzw/ftzopen.h" />
		<Unit filename="freetype/src/otvalid/otvalid.c">
			<Option compilerVar="CC" />
		</Unit>
		<Unit filename="freetype/src/otvalid/otvalid.h" />
		<Unit filename="freetype/src/otvalid/otvbase.c">
			<Option compilerVar="CC" />
		</Unit>
		<Unit filename="freetype/src/otvalid/otvcommn.c">
			<Option compilerVar="CC" />
		</Unit>
		<Unit filename="freetype/src/otvalid/otvcommn.h" />
		<Unit filename="freetype/src/otvalid/otverror.h" />
		<Unit filename="freetype/src/otvalid/otvgdef.c">
			<Option compilerVar="CC" />
		</Unit>
		<Unit filename="freetype/src/otvalid/otvgpos.c">
			<Option compilerVar="CC" />
		</Unit>
		<Unit filename="freetype/src/otvalid/otvgpos.h" />
		<Unit filename="freetype/src/otvalid/otvgsub.c">
			<Option compilerVar="CC" />
		</Unit>
		<Unit filename="freetype/src/otvalid/otvjstf.c">
			<Option compilerVar="CC" />
		</Unit>
		<Unit filename="freetype/src/otvalid/otvmath.c">
			<Option compilerVar="CC" />
		</Unit>
		<Unit filename="freetype/src/otvalid/otvmod.c">
			<Option compilerVar="CC" />
		</Unit>
		<Unit filename="freetype/src/otvalid/otvmod.h" />
		<Unit filename="freetype/src/pcf/pcf.c">
			<Option compilerVar="CC" />
		</Unit>
		<Unit filename="freetype/src/pcf/pcf.h" />
		<Unit filename="freetype/src/pcf/pcfdrivr.c">
			<Option compilerVar="CC" />
		</Unit>
		<Unit filename="freetype/src/pcf/pcfdrivr.h" />
		<Unit filename="freetype/src/pcf/pcferror.h" />
		<Unit filename="freetype/src/pcf/pcfread.c">
			<Option compilerVar="CC" />
		</Unit>
		<Unit filename="freetype/src/pcf/pcfread.h" />
		<Unit filename="freetype/src/pcf/pcfutil.c">
			<Option compilerVar="CC" />
		</Unit>
		<Unit filename="freetype/src/pcf/pcfutil.h" />
		<Unit filename="freetype/src/pfr/pfr.c">
			<Option compilerVar="CC" />
		</Unit>
		<Unit filename="freetype/src/pfr/pfrcmap.c">
			<Option compilerVar="CC" />
		</Unit>
		<Unit filename="freetype/src/pfr/pfrcmap.h" />
		<Unit filename="freetype/src/pfr/pfrdrivr.c">
			<Option compilerVar="CC" />
		</Unit>
		<Unit filename="freetype/src/pfr/pfrdrivr.h" />
		<Unit filename="freetype/src/pfr/pfrerror.h" />
		<Unit filename="freetype/src/pfr/pfrgload.c">
			<Option compilerVar="CC" />
		</Unit>
		<Unit filename="freetype/src/pfr/pfrgload.h" />
		<Unit filename="freetype/src/pfr/pfrload.c">
			<Option compilerVar="CC" />
		</Unit>
		<Unit filename="freetype/src/pfr/pfrload.h" />
		<Unit filename="freetype/src/pfr/pfrobjs.c">
			<Option compilerVar="CC" />
		</Unit>
		<Unit filename="freetype/src/pfr/pfrobjs.h" />
		<Unit filename="freetype/src/pfr/pfrsbit.c">
			<Option compilerVar="CC" />
		</Unit>
		<Unit filename="freetype/src/pfr/pfrsbit.h" />
		<Unit filename="freetype/src/pfr/pfrtypes.h" />
		<Unit filename="freetype/src/psaux/afmparse.c">
			<Option compilerVar="CC" />
		</Unit>
		<Unit filename="freetype/src/psaux/afmparse.h" />
		<Unit filename="freetype/src/psaux/cffdecode.c">
			<Option compilerVar="CC" />
		</Unit>
		<Unit filename="freetype/src/psaux/cffdecode.h" />
		<Unit filename="freetype/src/psaux/psarrst.c">
			<Option compilerVar="CC" />
		</Unit>
		<Unit filename="freetype/src/psaux/psarrst.h" />
		<Unit filename="freetype/src/psaux/psaux.c">
			<Option compilerVar="CC" />
		</Unit>
		<Unit filename="freetype/src/psaux/psauxerr.h" />
		<Unit filename="freetype/src/psaux/psauxmod.c">
			<Option compilerVar="CC" />
		</Unit>
		<Unit filename="freetype/src/psaux/psauxmod.h" />
		<Unit filename="freetype/src/psaux/psblues.c">
			<Option compilerVar="CC" />
		</Unit>
		<Unit filename="freetype/src/psaux/psblues.h" />
		<Unit filename="freetype/src/psaux/psconv.c">
			<Option compilerVar="CC" />
		</Unit>
		<Unit filename="freetype/src/psaux/psconv.h" />
		<Unit filename="freetype/src/psaux/pserror.c">
			<Option compilerVar="CC" />
		</Unit>
		<Unit filename="freetype/src/psaux/pserror.h" />
		<Unit filename="freetype/src/psaux/psfixed.h" />
		<Unit filename="freetype/src/psaux/psfont.c">
			<Option compilerVar="CC" />
		</Unit>
		<Unit filename="freetype/src/psaux/psfont.h" />
		<Unit filename="freetype/src/psaux/psft.c">
			<Option compilerVar="CC" />
		</Unit>
		<Unit filename="freetype/src/psaux/psft.h" />
		<Unit filename="freetype/src/psaux/psglue.h" />
		<Unit filename="freetype/src/psaux/pshints.c">
			<Option compilerVar="CC" />
		</Unit>
		<Unit filename="freetype/src/psaux/pshints.h" />
		<Unit filename="freetype/src/psaux/psintrp.c">
			<Option compilerVar="CC" />
		</Unit>
		<Unit filename="freetype/src/psaux/psintrp.h" />
		<Unit filename="freetype/src/psaux/psobjs.c">
			<Option compilerVar="CC" />
		</Unit>
		<Unit filename="freetype/src/psaux/psobjs.h" />
		<Unit filename="freetype/src/psaux/psread.c">
			<Option compilerVar="CC" />
		</Unit>
		<Unit filename="freetype/src/psaux/psread.h" />
		<Unit filename="freetype/src/psaux/psstack.c">
			<Option compilerVar="CC" />
		</Unit>
		<Unit filename="freetype/src/psaux/psstack.h" />
		<Unit filename="freetype/src/psaux/pstypes.h" />
		<Unit filename="freetype/src/psaux/t1cmap.c">
			<Option compilerVar="CC" />
		</Unit>
		<Unit filename="freetype/src/psaux/t1cmap.h" />
		<Unit filename="freetype/src/psaux/t1decode.c">
			<Option compilerVar="CC" />
		</Unit>
		<Unit filename="freetype/src/psaux/t1decode.h" />
		<Unit filename="freetype/src/pshinter/pshalgo.c">
			<Option compilerVar="CC" />
		</Unit>
		<Unit filename="freetype/src/pshinter/pshalgo.h" />
		<Unit filename="freetype/src/pshinter/pshglob.c">
			<Option compilerVar="CC" />
		</Unit>
		<Unit filename="freetype/src/pshinter/pshglob.h" />
		<Unit filename="freetype/src/pshinter/pshinter.c">
			<Option compilerVar="CC" />
		</Unit>
		<Unit filename="freetype/src/pshinter/pshmod.c">
			<Option compilerVar="CC" />
		</Unit>
		<Unit filename="freetype/src/pshinter/pshmod.h" />
		<Unit filename="freetype/src/pshinter/pshnterr.h" />
		<Unit filename="freetype/src/pshinter/pshrec.c">
			<Option compilerVar="CC" />
		</Unit>
		<Unit filename="freetype/src/pshinter/pshrec.h" />
		<Unit filename="freetype/src/psnames/psmodule.c">
			<Option compilerVar="CC" />
		</Unit>
		<Unit filename="freetype/src/psnames/psmodule.h" />
		<Unit filename="freetype/src/psnames/psnamerr.h" />
		<Unit filename="freetype/src/psnames/psnames.c">
			<Option compilerVar="CC" />
		</Unit>
		<Unit filename="freetype/src/psnames/pstables.h" />
		<Unit filename="freetype/src/raster/ftmisc.h" />
		<Unit filename="freetype/src/raster/ftraster.c">
			<Option compilerVar="CC" />
		</Unit>
		<Unit filename="freetype/src/raster/ftraster.h" />
		<Unit filename="freetype/src/raster/ftrend1.c">
			<Option compilerVar="CC" />
		</Unit>
		<Unit filename="freetype/src/raster/ftrend1.h" />
		<Unit filename="freetype/src/raster/raster.c">
			<Option compilerVar="CC" />
		</Unit>
		<Unit filename="freetype/src/raster/rasterrs.h" />
		<Unit filename="freetype/src/sdf/ftbsdf.c">
			<Option compilerVar="CC" />
		</Unit>
		<Unit filename="freetype/src/sdf/ftsdf.c">
			<Option compilerVar="CC" />
		</Unit>
		<Unit filename="freetype/src/sdf/ftsdf.h" />
		<Unit filename="freetype/src/sdf/ftsdfcommon.c">
			<Option compilerVar="CC" />
		</Unit>
		<Unit filename="freetype/src/sdf/ftsdfcommon.h" />
		<Unit filename="freetype/src/sdf/ftsdferrs.h" />
		<Unit filename="freetype/src/sdf/ftsdfrend.c">
			<Option compilerVar="CC" />
		</Unit>
		<Unit filename="freetype/src/sdf/ftsdfrend.h" />
		<Unit filename="freetype/src/sdf/sdf.c">
			<Option compilerVar="CC" />
		</Unit>
		<Unit filename="freetype/src/sfnt/pngshim.c">
			<Option compilerVar="CC" />
		</Unit>
		<Unit filename="freetype/src/sfnt/pngshim.h" />
		<Unit filename="freetype/src/sfnt/sfdriver.c">
			<Option compilerVar="CC" />
		</Unit>
		<Unit filename="freetype/src/sfnt/sfdriver.h" />
		<Unit filename="freetype/src/sfnt/sferrors.h" />
		<Unit filename="freetype/src/sfnt/sfnt.c">
			<Option compilerVar="CC" />
		</Unit>
		<Unit filename="freetype/src/sfnt/sfobjs.c">
			<Option compilerVar="CC" />
		</Unit>
		<Unit filename="freetype/src/sfnt/sfobjs.h" />
		<Unit filename="freetype/src/sfnt/sfwoff.c">
			<Option compilerVar="CC" />
		</Unit>
		<Unit filename="freetype/src/sfnt/sfwoff.h" />
		<Unit filename="freetype/src/sfnt/sfwoff2.c">
			<Option compilerVar="CC" />
		</Unit>
		<Unit filename="freetype/src/sfnt/sfwoff2.h" />
		<Unit filename="freetype/src/sfnt/ttbdf.c">
			<Option compilerVar="CC" />
		</Unit>
		<Unit filename="freetype/src/sfnt/ttbdf.h" />
		<Unit filename="freetype/src/sfnt/ttcmap.c">
			<Option compilerVar="CC" />
		</Unit>
		<Unit filename="freetype/src/sfnt/ttcmap.h" />
		<Unit filename="freetype/src/sfnt/ttcmapc.h" />
		<Unit filename="freetype/src/sfnt/ttcolr.c">
			<Option compilerVar="CC" />
		</Unit>
		<Unit filename="freetype/src/sfnt/ttcolr.h" />
		<Unit filename="freetype/src/sfnt/ttcpal.c">
			<Option compilerVar="CC" />
		</Unit>
		<Unit filename="freetype/src/sfnt/ttcpal.h" />
		<Unit filename="freetype/src/sfnt/ttkern.c">
			<Option compilerVar="CC" />
		</Unit>
		<Unit filename="freetype/src/sfnt/ttkern.h" />
		<Unit filename="freetype/src/sfnt/ttload.c">
			<Option compilerVar="CC" />
		</Unit>
		<Unit filename="freetype/src/sfnt/ttload.h" />
		<Unit filename="freetype/src/sfnt/ttmtx.c">
			<Option compilerVar="CC" />
		</Unit>
		<Unit filename="freetype/src/sfnt/ttmtx.h" />
		<Unit filename="freetype/src/sfnt/ttpost.c">
			<Option compilerVar="CC" />
		</Unit>
		<Unit filename="freetype/src/sfnt/ttpost.h" />
		<Unit filename="freetype/src/sfnt/ttsbit.c">
			<Option compilerVar="CC" />
		</Unit>
		<Unit filename="freetype/src/sfnt/ttsbit.h" />
		<Unit filename="freetype/src/sfnt/woff2tags.c">
			<Option compilerVar="CC" />
		</Unit>
		<Unit filename="freetype/src/sfnt/woff2tags.h" />
		<Unit filename="freetype/src/smooth/ftgrays.c">
			<Option compilerVar="CC" />
		</Unit>
		<Unit filename="freetype/src/smooth/ftgrays.h" />
		<Unit filename="freetype/src/smooth/ftsmerrs.h" />
		<Unit filename="freetype/src/smooth/ftsmooth.c">
			<Option compilerVar="CC" />
		</Unit>
		<Unit filename="freetype/src/smooth/ftsmooth.h" />
		<Unit filename="freetype/src/smooth/smooth.c">
			<Option compilerVar="CC" />
		</Unit>
		<Unit filename="freetype/src/tools/apinames.c">
			<Option compilerVar="CC" />
		</Unit>
		<Unit filename="freetype/src/tools/ftrandom/ftrandom.c">
			<Option compilerVar="CC" />
		</Unit>
		<Unit filename="freetype/src/tools/test_afm.c">
			<Option compilerVar="CC" />
		</Unit>
		<Unit filename="freetype/src/tools/test_bbox.c">
			<Option compilerVar="CC" />
		</Unit>
		<Unit filename="freetype/src/tools/test_trig.c">
			<Option compilerVar="CC" />
		</Unit>
		<Unit filename="freetype/src/truetype/truetype.c">
			<Option compilerVar="CC" />
		</Unit>
		<Unit filename="freetype/src/truetype/ttdriver.c">
			<Option compilerVar="CC" />
		</Unit>
		<Unit filename="freetype/src/truetype/ttdriver.h" />
		<Unit filename="freetype/src/truetype/tterrors.h" />
		<Unit filename="freetype/src/truetype/ttgload.c">
			<Option compilerVar="CC" />
		</Unit>
		<Unit filename="freetype/src/truetype/ttgload.h" />
		<Unit filename="freetype/src/truetype/ttgxvar.c">
			<Option compilerVar="CC" />
		</Unit>
		<Unit filename="freetype/src/truetype/ttgxvar.h" />
		<Unit filename="freetype/src/truetype/ttinterp.c">
			<Option compilerVar="CC" />
		</Unit>
		<Unit filename="freetype/src/truetype/ttinterp.h" />
		<Unit filename="freetype/src/truetype/ttobjs.c">
			<Option compilerVar="CC" />
		</Unit>
		<Unit filename="freetype/src/truetype/ttobjs.h" />
		<Unit filename="freetype/src/truetype/ttpload.c">
			<Option compilerVar="CC" />
		</Unit>
		<Unit filename="freetype/src/truetype/ttpload.h" />
		<Unit filename="freetype/src/truetype/ttsubpix.c">
			<Option compilerVar="CC" />
		</Unit>
		<Unit filename="freetype/src/truetype/ttsubpix.h" />
		<Unit filename="freetype/src/type1/t1afm.c">
			<Option compilerVar="CC" />
		</Unit>
		<Unit filename="freetype/src/type1/t1afm.h" />
		<Unit filename="freetype/src/type1/t1driver.c">
			<Option compilerVar="CC" />
		</Unit>
		<Unit filename="freetype/src/type1/t1driver.h" />
		<Unit filename="freetype/src/type1/t1errors.h" />
		<Unit filename="freetype/src/type1/t1gload.c">
			<Option compilerVar="CC" />
		</Unit>
		<Unit filename="freetype/src/type1/t1gload.h" />
		<Unit filename="freetype/src/type1/t1load.c">
			<Option compilerVar="CC" />
		</Unit>
		<Unit filename="freetype/src/type1/t1load.h" />
		<Unit filename="freetype/src/type1/t1objs.c">
			<Option compilerVar="CC" />
		</Unit>
		<Unit filename="freetype/src/type1/t1objs.h" />
		<Unit filename="freetype/src/type1/t1parse.c">
			<Option compilerVar="CC" />
		</Unit>
		<Unit filename="freetype/src/type1/t1parse.h" />
		<Unit filename="freetype/src/type1/t1tokens.h" />
		<Unit filename="freetype/src/type1/type1.c">
			<Option compilerVar="CC" />
		</Unit>
		<Unit filename="freetype/src/type42/t42drivr.c">
			<Option compilerVar="CC" />
		</Unit>
		<Unit filename="freetype/src/type42/t42drivr.h" />
		<Unit filename="freetype/src/type42/t42error.h" />
		<Unit filename="freetype/src/type42/t42objs.c">
			<Option compilerVar="CC" />
		</Unit>
		<Unit filename="freetype/src/type42/t42objs.h" />
		<Unit filename="freetype/src/type42/t42parse.c">
			<Option compilerVar="CC" />
		</Unit>
		<Unit filename="freetype/src/type42/t42parse.h" />
		<Unit filename="freetype/src/type42/t42types.h" />
		<Unit filename="freetype/src/type42/type42.c">
			<Option compilerVar="CC" />
		</Unit>
		<Unit filename="freetype/src/winfonts/fnterrs.h" />
		<Unit filename="freetype/src/winfonts/winfnt.c">
			<Option compilerVar="CC" />
		</Unit>
		<Unit filename="freetype/src/winfonts/winfnt.h" />
		<Unit filename="freetype/tests/issue-1063/main.c">
			<Option compilerVar="CC" />
		</Unit>
		<Unit filename="main.c">
			<Option compilerVar="CC" />
		</Unit>
		<Unit filename="source/core/core.c">
			<Option compilerVar="CC" />
		</Unit>
		<Unit filename="source/core/core.h" />
		<Unit filename="source/core/game_types.h" />
		<Unit filename="source/core/mir.c">
			<Option compilerVar="CC" />
		</Unit>
		<Unit filename="source/core/mir.h" />
		<Unit filename="source/extern/freetype/include/freetype/freetype.h" />
		<Unit filename="source/extern/glad.c">
			<Option compilerVar="CC" />
		</Unit>
		<Unit filename="source/extern/glad.h" />
		<Unit filename="source/extern/gltext.h" />
		<Unit filename="source/extern/stb_image.h" />
		<Unit filename="source/graphics/camera.c">
			<Option compilerVar="CC" />
		</Unit>
		<Unit filename="source/graphics/camera.h" />
		<Unit filename="source/graphics/graphics.c">
			<Option compilerVar="CC" />
		</Unit>
		<Unit filename="source/graphics/graphics.h" />
		<Unit filename="source/gui/main_menu.c">
			<Option compilerVar="CC" />
		</Unit>
		<Unit filename="source/gui/main_menu.h" />
		<Unit filename="source/handlers/event_handler.c">
			<Option compilerVar="CC" />
		</Unit>
		<Unit filename="source/handlers/event_handler.h">
			<Option target="&lt;{~None~}&gt;" />
		</Unit>
		<Unit filename="source/handlers/keyboard_handler.c">
			<Option compilerVar="CC" />
		</Unit>
		<Unit filename="source/handlers/keyboard_handler.h" />
		<Unit filename="source/handlers/message_handler.c">
			<Option compilerVar="CC" />
		</Unit>
		<Unit filename="source/handlers/message_handler.h" />
		<Unit filename="source/handlers/texture_handler.c">
			<Option compilerVar="CC" />
		</Unit>
		<Unit filename="source/handlers/texture_handler.h" />
		<Unit filename="source/math/matrix.c">
			<Option compilerVar="CC" />
		</Unit>
		<Unit filename="source/math/matrix.h" />
		<Unit filename="source/math/vector.c">
			<Option compilerVar="CC" />
		</Unit>
		<Unit filename="source/math/vector.h" />
		<Extensions />
	</Project>
</CodeBlocks_project_file>
